Microsoft Visual Studio Solution File, Format Version 12.00
# Visual Studio Version 17
VisualStudioVersion = 17.5.2.0
MinimumVisualStudioVersion = 10.0.40219.1
Project("{FAE04EC0-301F-11D3-BF4B-00C04F79EFBC}") = "FactoryMethod", "FactoryMethod\FactoryMethod.csproj", "{32384711-8DF5-D156-80F7-C0BCB7BAA58C}"
EndProject
Project("{FAE04EC0-301F-11D3-BF4B-00C04F79EFBC}") = "Builder", "Builder\Builder.csproj", "{87F785A4-11A3-4A56-B300-23BB5B57540C}"
EndProject
Project("{FAE04EC0-301F-11D3-BF4B-00C04F79EFBC}") = "Singleton", "Singleton\Singleton.csproj", "{3F67A36D-54D0-479D-A293-34C9DF24E688}"
EndProject
Project("{FAE04EC0-301F-11D3-BF4B-00C04F79EFBC}") = "AbstractFactory", "AbstractFactory\AbstractFactory.csproj", "{80E82B41-6891-42F4-B24F-695E513D0864}"
EndProject
Project("{FAE04EC0-301F-11D3-BF4B-00C04F79EFBC}") = "Proxy", "Proxy\Proxy.csproj", "{512EA27C-22DB-482D-880B-7F4CBB71AAAE}"
EndProject
Project("{FAE04EC0-301F-11D3-BF4B-00C04F79EFBC}") = "Adapter", "Adapter\Adapter.csproj", "{1498FD04-3D7B-4D93-9C04-1040B5090B6D}"
EndProject
Project("{FAE04EC0-301F-11D3-BF4B-00C04F79EFBC}") = "Decorador", "Decorador\Decorador.csproj", "{8BF79080-6748-4E14-A0AF-9DDF3C100C86}"
EndProject
Project("{FAE04EC0-301F-11D3-BF4B-00C04F79EFBC}") = "Composite", "Composite\Composite.csproj", "{2E18480B-604E-44B4-ACF4-A9F49B295483}"
EndProject
Project("{FAE04EC0-301F-11D3-BF4B-00C04F79EFBC}") = "Iterator", "Iterator\Iterator.csproj", "{0C7F7ACB-7B02-4274-9C7F-3717F2F8A148}"
EndProject
Global
	GlobalSection(SolutionConfigurationPlatforms) = preSolution
		Debug|Any CPU = Debug|Any CPU
		Release|Any CPU = Release|Any CPU
	EndGlobalSection
	GlobalSection(ProjectConfigurationPlatforms) = postSolution
		{32384711-8DF5-D156-80F7-C0BCB7BAA58C}.Debug|Any CPU.ActiveCfg = Debug|Any CPU
		{32384711-8DF5-D156-80F7-C0BCB7BAA58C}.Debug|Any CPU.Build.0 = Debug|Any CPU
		{32384711-8DF5-D156-80F7-C0BCB7BAA58C}.Release|Any CPU.ActiveCfg = Release|Any CPU
		{32384711-8DF5-D156-80F7-C0BCB7BAA58C}.Release|Any CPU.Build.0 = Release|Any CPU
		{87F785A4-11A3-4A56-B300-23BB5B57540C}.Debug|Any CPU.ActiveCfg = Debug|Any CPU
		{87F785A4-11A3-4A56-B300-23BB5B57540C}.Debug|Any CPU.Build.0 = Debug|Any CPU
		{87F785A4-11A3-4A56-B300-23BB5B57540C}.Release|Any CPU.ActiveCfg = Release|Any CPU
		{87F785A4-11A3-4A56-B300-23BB5B57540C}.Release|Any CPU.Build.0 = Release|Any CPU
		{3F67A36D-54D0-479D-A293-34C9DF24E688}.Debug|Any CPU.ActiveCfg = Debug|Any CPU
		{3F67A36D-54D0-479D-A293-34C9DF24E688}.Debug|Any CPU.Build.0 = Debug|Any CPU
		{3F67A36D-54D0-479D-A293-34C9DF24E688}.Release|Any CPU.ActiveCfg = Release|Any CPU
		{3F67A36D-54D0-479D-A293-34C9DF24E688}.Release|Any CPU.Build.0 = Release|Any CPU
		{80E82B41-6891-42F4-B24F-695E513D0864}.Debug|Any CPU.ActiveCfg = Debug|Any CPU
		{80E82B41-6891-42F4-B24F-695E513D0864}.Debug|Any CPU.Build.0 = Debug|Any CPU
		{80E82B41-6891-42F4-B24F-695E513D0864}.Release|Any CPU.ActiveCfg = Release|Any CPU
		{80E82B41-6891-42F4-B24F-695E513D0864}.Release|Any CPU.Build.0 = Release|Any CPU
		{512EA27C-22DB-482D-880B-7F4CBB71AAAE}.Debug|Any CPU.ActiveCfg = Debug|Any CPU
		{512EA27C-22DB-482D-880B-7F4CBB71AAAE}.Debug|Any CPU.Build.0 = Debug|Any CPU
		{512EA27C-22DB-482D-880B-7F4CBB71AAAE}.Release|Any CPU.ActiveCfg = Release|Any CPU
		{512EA27C-22DB-482D-880B-7F4CBB71AAAE}.Release|Any CPU.Build.0 = Release|Any CPU
		{1498FD04-3D7B-4D93-9C04-1040B5090B6D}.Debug|Any CPU.ActiveCfg = Debug|Any CPU
		{1498FD04-3D7B-4D93-9C04-1040B5090B6D}.Debug|Any CPU.Build.0 = Debug|Any CPU
		{1498FD04-3D7B-4D93-9C04-1040B5090B6D}.Release|Any CPU.ActiveCfg = Release|Any CPU
		{1498FD04-3D7B-4D93-9C04-1040B5090B6D}.Release|Any CPU.Build.0 = Release|Any CPU
		{8BF79080-6748-4E14-A0AF-9DDF3C100C86}.Debug|Any CPU.ActiveCfg = Debug|Any CPU
		{8BF79080-6748-4E14-A0AF-9DDF3C100C86}.Debug|Any CPU.Build.0 = Debug|Any CPU
		{8BF79080-6748-4E14-A0AF-9DDF3C100C86}.Release|Any CPU.ActiveCfg = Release|Any CPU
		{8BF79080-6748-4E14-A0AF-9DDF3C100C86}.Release|Any CPU.Build.0 = Release|Any CPU
		{2E18480B-604E-44B4-ACF4-A9F49B295483}.Debug|Any CPU.ActiveCfg = Debug|Any CPU
		{2E18480B-604E-44B4-ACF4-A9F49B295483}.Debug|Any CPU.Build.0 = Debug|Any CPU
		{2E18480B-604E-44B4-ACF4-A9F49B295483}.Release|Any CPU.ActiveCfg = Release|Any CPU
		{2E18480B-604E-44B4-ACF4-A9F49B295483}.Release|Any CPU.Build.0 = Release|Any CPU
		{0C7F7ACB-7B02-4274-9C7F-3717F2F8A148}.Debug|Any CPU.ActiveCfg = Debug|Any CPU
		{0C7F7ACB-7B02-4274-9C7F-3717F2F8A148}.Debug|Any CPU.Build.0 = Debug|Any CPU
		{0C7F7ACB-7B02-4274-9C7F-3717F2F8A148}.Release|Any CPU.ActiveCfg = Release|Any CPU
		{0C7F7ACB-7B02-4274-9C7F-3717F2F8A148}.Release|Any CPU.Build.0 = Release|Any CPU
	EndGlobalSection
	GlobalSection(SolutionProperties) = preSolution
		HideSolutionNode = FALSE
	EndGlobalSection
	GlobalSection(ExtensibilityGlobals) = postSolution
		SolutionGuid = {2D303B45-2670-4F36-8A8B-B3596EAF3151}
	EndGlobalSection
EndGlobal
